github.com/Bios-Marcel/yagcl v0.0.0-20220629111241-e7cd1cc91730 h1:rnsWCudqCD6rMuFsuIdQFkAVk7LfIl9j8KcgYF+oex0=
github.com/Bios-Marcel/yagcl v0.0.0-20220629111241-e7cd1cc91730/go.mod h1:m+2/+LJJCsfMHIu7+Q8YllH86A4deDGs49njfIvcqos=
github.com/Bios-Marcel/yagcl v0.0.2 h1:lnHIw2XKliCOuvPJVIKZRlv4PELl3iVDKf9/1zls9n4=
github.com/Bios-Marcel/yagcl v0.0.2/go.mod h1:m+2/+LJJCsfMHIu7+Q8YllH86A4deDGs49njfIvcqos=
