github.com/Bios-Marcel/yagcl v0.0.3 h1:JVOey+m8L+0DueMZVK81oRbiV8qSyXGZlknIhTWHFJo=
github.com/Bios-Marcel/yagcl v0.0.3/go.mod h1:m+2/+LJJCsfMHIu7+Q8YllH86A4deDGs49njfIvcqos=
github.com/buger/jsonparser v1.1.1 h1:2PnMjfWD7wBILjqQbt530v576A/cAbQvEW9gGIpYMUs=
github.com/buger/jsonparser v1.1.1/go.mod h1:6RYKKt7H4d4+iWqouImQ9R2FZql3VbhNgx27UK13J/0=
